
Microsoft Visual Studio Solution File, Format Version 12.00
# Visual Studio Version 17
VisualStudioVersion = 17.2.32616.157
MinimumVisualStudioVersion = 10.0.40219.1
Project("{FAE04EC0-301F-11D3-BF4B-00C04F79EFBC}") = "crm_system", "crm_system\crm_system.csproj", "{934EBA11-3297-461E-82A8-BAAC852C96B9}"
EndProject
Global
	GlobalSection(SolutionConfigurationPlatforms) = preSolution
		Debug|Any CPU = Debug|Any CPU
		Release|Any CPU = Release|Any CPU
	EndGlobalSection
	GlobalSection(ProjectConfigurationPlatforms) = postSolution
		{934EBA11-3297-461E-82A8-BAAC852C96B9}.Debug|Any CPU.ActiveCfg = Debug|Any CPU
		{934EBA11-3297-461E-82A8-BAAC852C96B9}.Debug|Any CPU.Build.0 = Debug|Any CPU
		{934EBA11-3297-461E-82A8-BAAC852C96B9}.Release|Any CPU.ActiveCfg = Release|Any CPU
		{934EBA11-3297-461E-82A8-BAAC852C96B9}.Release|Any CPU.Build.0 = Release|Any CPU
	EndGlobalSection
	GlobalSection(SolutionProperties) = preSolution
		HideSolutionNode = FALSE
	EndGlobalSection
	GlobalSection(ExtensibilityGlobals) = postSolution
		SolutionGuid = {EFB34FDD-127A-47C6-A32E-01C5B3FAA4E1}
	EndGlobalSection
EndGlobal
